
Microsoft Visual Studio Solution File, Format Version 12.00
# Visual Studio 14
VisualStudioVersion = 14.0.25420.1
MinimumVisualStudioVersion = 10.0.40219.1
Project("{D954291E-2A0B-460D-934E-DC6B0785DB48}") = "ClientZ3950", "ClientZ3950\ClientZ3950.shproj", "{34E23936-3C94-476D-AB57-59946D6E2137}"
EndProject
Global
	GlobalSection(SharedMSBuildProjectFiles) = preSolution
		ClientZ3950\ClientZ3950.projitems*{34e23936-3c94-476d-ab57-59946d6e2137}*SharedItemsImports = 13
	EndGlobalSection
	GlobalSection(SolutionProperties) = preSolution
		HideSolutionNode = FALSE
	EndGlobalSection
EndGlobal
